
Microsoft Visual Studio Solution File, Format Version 12.00
# Visual Studio Version 17
VisualStudioVersion = 17.3.32922.545
MinimumVisualStudioVersion = 10.0.40219.1
Project("{FAE04EC0-301F-11D3-BF4B-00C04F79EFBC}") = "middleware", "middleware.csproj", "{E3B4EC5E-419A-4025-80B8-71CD5F67781D}"
EndProject
Global
	GlobalSection(SolutionConfigurationPlatforms) = preSolution
		Debug|Any CPU = Debug|Any CPU
		Release|Any CPU = Release|Any CPU
	EndGlobalSection
	GlobalSection(ProjectConfigurationPlatforms) = postSolution
		{E3B4EC5E-419A-4025-80B8-71CD5F67781D}.Debug|Any CPU.ActiveCfg = Debug|Any CPU
		{E3B4EC5E-419A-4025-80B8-71CD5F67781D}.Debug|Any CPU.Build.0 = Debug|Any CPU
		{E3B4EC5E-419A-4025-80B8-71CD5F67781D}.Release|Any CPU.ActiveCfg = Release|Any CPU
		{E3B4EC5E-419A-4025-80B8-71CD5F67781D}.Release|Any CPU.Build.0 = Release|Any CPU
	EndGlobalSection
	GlobalSection(SolutionProperties) = preSolution
		HideSolutionNode = FALSE
	EndGlobalSection
	GlobalSection(ExtensibilityGlobals) = postSolution
		SolutionGuid = {6B65916B-CAAE-41B1-8E50-0E9C59AD0908}
	EndGlobalSection
EndGlobal
